// !$*UTF8*$!
{
	archiveVersion = 1;
	classes = {
	};
	objectVersion = 46;
	objects = {

/* Begin PBXBuildFile section */
		1D0AF1711C9D9CE50024EF68 /* AppDelegate.swift in Sources */ = {isa = PBXBuildFile; fileRef = 1D0AF1701C9D9CE50024EF68 /* AppDelegate.swift */; };
		1D0AF1731C9D9CE50024EF68 /* ViewController.swift in Sources */ = {isa = PBXBuildFile; fileRef = 1D0AF1721C9D9CE50024EF68 /* ViewController.swift */; };
		1D0AF1761C9D9CE50024EF68 /* Main.storyboard in Resources */ = {isa = PBXBuildFile; fileRef = 1D0AF1741C9D9CE50024EF68 /* Main.storyboard */; };
		1D0AF1781C9D9CE50024EF68 /* Assets.xcassets in Resources */ = {isa = PBXBuildFile; fileRef = 1D0AF1771C9D9CE50024EF68 /* Assets.xcassets */; };
		1D0AF17B1C9D9CE50024EF68 /* LaunchScreen.storyboard in Resources */ = {isa = PBXBuildFile; fileRef = 1D0AF1791C9D9CE50024EF68 /* LaunchScreen.storyboard */; };
/* End PBXBuildFile section */

/* Begin PBXFileReference section */
		1D0AF16D1C9D9CE50024EF68 /* Multiples App Extreme.app */ = {isa = PBXFileReference; explicitFileType = wrapper.application; includeInIndex = 0; path = "Multiples App Extreme.app"; sourceTree = BUILT_PRODUCTS_DIR; };
		1D0AF1701C9D9CE50024EF68 /* AppDelegate.swift */ = {isa = PBXFileReference; lastKnownFileType = sourcecode.swift; path = AppDelegate.swift; sourceTree = "<group>"; };
		1D0AF1721C9D9CE50024EF68 /* ViewController.swift */ = {isa = PBXFileReference; lastKnownFileType = sourcecode.swift; path = ViewController.swift; sourceTree = "<group>"; };
		1D0AF1751C9D9CE50024EF68 /* Base */ = {isa = PBXFileReference; lastKnownFileType = file.storyboard; name = Base; path = Base.lproj/Main.storyboard; sourceTree = "<group>"; };
		1D0AF1771C9D9CE50024EF68 /* Assets.xcassets */ = {isa = PBXFileReference; lastKnownFileType = folder.assetcatalog; path = Assets.xcassets; sourceTree = "<group>"; };
		1D0AF17A1C9D9CE50024EF68 /* Base */ = {isa = PBXFileReference; lastKnownFileType = file.storyboard; name = Base; path = Base.lproj/LaunchScreen.storyboard; sourceTree = "<group>"; };
		1D0AF17C1C9D9CE50024EF68 /* Info.plist */ = {isa = PBXFileReference; lastKnownFileType = text.plist.xml; path = Info.plist; sourceTree = "<group>"; };
/* End PBXFileReference section */

/* Begin PBXFrameworksBuildPhase section */
		1D0AF16A1C9D9CE50024EF68 /* Frameworks */ = {
			isa = PBXFrameworksBuildPhase;
			buildActionMask = 2147483647;
			files = (
			);
			runOnlyForDeploymentPostprocessing = 0;
		};
/* End PBXFrameworksBuildPhase section */

/* Begin PBXGroup section */
		1D0AF1641C9D9CE50024EF68 = {
			isa = PBXGroup;
			children = (
				1D0AF16F1C9D9CE50024EF68 /* Multiples App Extreme */,
				1D0AF16E1C9D9CE50024EF68 /* Products */,
			);
			sourceTree = "<group>";
		};
		1D0AF16E1C9D9CE50024EF68 /* Products */ = {
			isa = PBXGroup;
			children = (
				1D0AF16D1C9D9CE50024EF68 /* Multiples App Extreme.app */,
			);
			name = Products;
			sourceTree = "<group>";
		};
		1D0AF16F1C9D9CE50024EF68 /* Multiples App Extreme */ = {
			isa = PBXGroup;
			children = (
				1D0AF1701C9D9CE50024EF68 /* AppDelegate.swift */,
				1D0AF1721C9D9CE50024EF68 /* ViewController.swift */,
				1D0AF1741C9D9CE50024EF68 /* Main.storyboard */,
				1D0AF1771C9D9CE50024EF68 /* Assets.xcassets */,
				1D0AF1791C9D9CE50024EF68 /* LaunchScreen.storyboard */,
				1D0AF17C1C9D9CE50024EF68 /* Info.plist */,
			);
			path = "Multiples App Extreme";
			sourceTree = "<group>";
		};
/* End PBXGroup section */

/* Begin PBXNativeTarget section */
		1D0AF16C1C9D9CE50024EF68 /* Multiples App Extreme */ = {
			isa = PBXNativeTarget;
			buildConfigurationList = 1D0AF17F1C9D9CE50024EF68 /* Build configuration list for PBXNativeTarget "Multiples App Extreme" */;
			buildPhases = (
				1D0AF1691C9D9CE50024EF68 /* Sources */,
				1D0AF16A1C9D9CE50024EF68 /* Frameworks */,
				1D0AF16B1C9D9CE50024EF68 /* Resources */,
			);
			buildRules = (
			);
			dependencies = (
			);
			name = "Multiples App Extreme";
			productName = "Multiples App Extreme";
			productReference = 1D0AF16D1C9D9CE50024EF68 /* Multiples App Extreme.app */;
			productType = "com.apple.product-type.application";
		};
/* End PBXNativeTarget section */

/* Begin PBXProject section */
		1D0AF1651C9D9CE50024EF68 /* Project object */ = {
			isa = PBXProject;
			attributes = {
				LastSwiftUpdateCheck = 0730;
				LastUpgradeCheck = 0730;
				ORGANIZATIONNAME = "William Melvin";
				TargetAttributes = {
					1D0AF16C1C9D9CE50024EF68 = {
						CreatedOnToolsVersion = 7.3;
					};
				};
			};
			buildConfigurationList = 1D0AF1681C9D9CE50024EF68 /* Build configuration list for PBXProject "Multiples App Extreme" */;
			compatibilityVersion = "Xcode 3.2";
			developmentRegion = English;
			hasScannedForEncodings = 0;
			knownRegions = (
				en,
				Base,
			);
			mainGroup = 1D0AF1641C9D9CE50024EF68;
			productRefGroup = 1D0AF16E1C9D9CE50024EF68 /* Products */;
			projectDirPath = "";
			projectRoot = "";
			targets = (
				1D0AF16C1C9D9CE50024EF68 /* Multiples App Extreme */,
			);
		};
/* End PBXProject section */

/* Begin PBXResourcesBuildPhase section */
		1D0AF16B1C9D9CE50024EF68 /* Resources */ = {
			isa = PBXResourcesBuildPhase;
			buildActionMask = 2147483647;
			files = (
				1D0AF17B1C9D9CE50024EF68 /* LaunchScreen.storyboard in Resources */,
				1D0AF1781C9D9CE50024EF68 /* Assets.xcassets in Resources */,
				1D0AF1761C9D9CE50024EF68 /* Main.storyboard in Resources */,
			);
			runOnlyForDeploymentPostprocessing = 0;
		};
/* End PBXResourcesBuildPhase section */

/* Begin PBXSourcesBuildPhase section */
		1D0AF1691C9D9CE50024EF68 /* Sources */ = {
			isa = PBXSourcesBuildPhase;
			buildActionMask = 2147483647;
			files = (
				1D0AF1731C9D9CE50024EF68 /* ViewController.swift in Sources */,
				1D0AF1711C9D9CE50024EF68 /* AppDelegate.swift in Sources */,
			);
			runOnlyForDeploymentPostprocessing = 0;
		};
/* End PBXSourcesBuildPhase section */

/* Begin PBXVariantGroup section */
		1D0AF1741C9D9CE50024EF68 /* Main.storyboard */ = {
			isa = PBXVariantGroup;
			children = (
				1D0AF1751C9D9CE50024EF68 /* Base */,
			);
			name = Main.storyboard;
			sourceTree = "<group>";
		};
		1D0AF1791C9D9CE50024EF68 /* LaunchScreen.storyboard */ = {
			isa = PBXVariantGroup;
			children = (
				1D0AF17A1C9D9CE50024EF68 /* Base */,
			);
			name = LaunchScreen.storyboard;
			sourceTree = "<group>";
		};
/* End PBXVariantGroup section */

/* Begin XCBuildConfiguration section */
		1D0AF17D1C9D9CE50024EF68 /* Debug */ = {
			isa = XCBuildConfiguration;
			buildSettings = {
				ALWAYS_SEARCH_USER_PATHS = NO;
				CLANG_ANALYZER_NONNULL = YES;
				CLANG_CXX_LANGUAGE_STANDARD = "gnu++0x";
				CLANG_CXX_LIBRARY = "libc++";
				CLANG_ENABLE_MODULES = YES;
				CLANG_ENABLE_OBJC_ARC = YES;
				CLANG_WARN_BOOL_CONVERSION = YES;
				CLANG_WARN_CONSTANT_CONVERSION = YES;
				CLANG_WARN_DIRECT_OBJC_ISA_USAGE = YES_ERROR;
				CLANG_WARN_EMPTY_BODY = YES;
				CLANG_WARN_ENUM_CONVERSION = YES;
				CLANG_WARN_INT_CONVERSION = YES;
				CLANG_WARN_OBJC_ROOT_CLASS = YES_ERROR;
				CLANG_WARN_UNREACHABLE_CODE = YES;
				CLANG_WARN__DUPLICATE_METHOD_MATCH = YES;
				"CODE_SIGN_IDENTITY[sdk=iphoneos*]" = "iPhone Developer";
				COPY_PHASE_STRIP = NO;
				DEBUG_INFORMATION_FORMAT = dwarf;
				ENABLE_STRICT_OBJC_MSGSEND = YES;
				ENABLE_TESTABILITY = YES;
				GCC_C_LANGUAGE_STANDARD = gnu99;
				GCC_DYNAMIC_NO_PIC = NO;
				GCC_NO_COMMON_BLOCKS = YES;
				GCC_OPTIMIZATION_LEVEL = 0;
				GCC_PREPROCESSOR_DEFINITIONS = (
					"DEBUG=1",
					"$(inherited)",
				);
				GCC_WARN_64_TO_32_BIT_CONVERSION = YES;
				GCC_WARN_ABOUT_RETURN_TYPE = YES_ERROR;
				GCC_WARN_UNDECLARED_SELECTOR = YES;
				GCC_WARN_UNINITIALIZED_AUTOS = YES_AGGRESSIVE;
				GCC_WARN_UNUSED_FUNCTION = YES;
				GCC_WARN_UNUSED_VARIABLE = YES;
				IPHONEOS_DEPLOYMENT_TARGET = 9.3;
				MTL_ENABLE_DEBUG_INFO = YES;
				ONLY_ACTIVE_ARCH = YES;
				SDKROOT = iphoneos;
				SWIFT_OPTIMIZATION_LEVEL = "-Onone";
			};
			name = Debug;
		};
		1D0AF17E1C9D9CE50024EF68 /* Release */ = {
			isa = XCBuildConfiguration;
			buildSettings = {
				ALWAYS_SEARCH_USER_PATHS = NO;
				CLANG_ANALYZER_NONNULL = YES;
				CLANG_CXX_LANGUAGE_STANDARD = "gnu++0x";
				CLANG_CXX_LIBRARY = "libc++";
				CLANG_ENABLE_MODULES = YES;
				CLANG_ENABLE_OBJC_ARC = YES;
				CLANG_WARN_BOOL_CONVERSION = YES;
				CLANG_WARN_CONSTANT_CONVERSION = YES;
				CLANG_WARN_DIRECT_OBJC_ISA_USAGE = YES_ERROR;
				CLANG_WARN_EMPTY_BODY = YES;
				CLANG_WARN_ENUM_CONVERSION = YES;
				CLANG_WARN_INT_CONVERSION = YES;
				CLANG_WARN_OBJC_ROOT_CLASS = YES_ERROR;
				CLANG_WARN_UNREACHABLE_CODE = YES;
				CLANG_WARN__DUPLICATE_METHOD_MATCH = YES;
				"CODE_SIGN_IDENTITY[sdk=iphoneos*]" = "iPhone Developer";
				COPY_PHASE_STRIP = NO;
				DEBUG_INFORMATION_FORMAT = "dwarf-with-dsym";
				ENABLE_NS_ASSERTIONS = NO;
				ENABLE_STRICT_OBJC_MSGSEND = YES;
				GCC_C_LANGUAGE_STANDARD = gnu99;
				GCC_NO_COMMON_BLOCKS = YES;
				GCC_WARN_64_TO_32_BIT_CONVERSION = YES;
				GCC_WARN_ABOUT_RETURN_TYPE = YES_ERROR;
				GCC_WARN_UNDECLARED_SELECTOR = YES;
				GCC_WARN_UNINITIALIZED_AUTOS = YES_AGGRESSIVE;
				GCC_WARN_UNUSED_FUNCTION = YES;
				GCC_WARN_UNUSED_VARIABLE = YES;
				IPHONEOS_DEPLOYMENT_TARGET = 9.3;
				MTL_ENABLE_DEBUG_INFO = NO;
				SDKROOT = iphoneos;
				VALIDATE_PRODUCT = YES;
			};
			name = Release;
		};
		1D0AF1801C9D9CE50024EF68 /* Debug */ = {
			isa = XCBuildConfiguration;
			buildSettings = {
				ASSETCATALOG_COMPILER_APPICON_NAME = AppIcon;
				INFOPLIST_FILE = "Multiples App Extreme/Info.plist";
				LD_RUNPATH_SEARCH_PATHS = "$(inherited) @executable_path/Frameworks";
				PRODUCT_BUNDLE_IDENTIFIER = "com.levelupfitness.Multiples-App-Extreme";
				PRODUCT_NAME = "$(TARGET_NAME)";
			};
			name = Debug;
		};
		1D0AF1811C9D9CE50024EF68 /* Release */ = {
			isa = XCBuildConfiguration;
			buildSettings = {
				ASSETCATALOG_COMPILER_APPICON_NAME = AppIcon;
				INFOPLIST_FILE = "Multiples App Extreme/Info.plist";
				LD_RUNPATH_SEARCH_PATHS = "$(inherited) @executable_path/Frameworks";
				PRODUCT_BUNDLE_IDENTIFIER = "com.levelupfitness.Multiples-App-Extreme";
				PRODUCT_NAME = "$(TARGET_NAME)";
			};
			name = Release;
		};
/* End XCBuildConfiguration section */

/* Begin XCConfigurationList section */
		1D0AF1681C9D9CE50024EF68 /* Build configuration list for PBXProject "Multiples App Extreme" */ = {
			isa = XCConfigurationList;
			buildConfigurations = (
				1D0AF17D1C9D9CE50024EF68 /* Debug */,
				1D0AF17E1C9D9CE50024EF68 /* Release */,
			);
			defaultConfigurationIsVisible = 0;
			defaultConfigurationName = Release;
		};
		1D0AF17F1C9D9CE50024EF68 /* Build configuration list for PBXNativeTarget "Multiples App Extreme" */ = {
			isa = XCConfigurationList;
			buildConfigurations = (
				1D0AF1801C9D9CE50024EF68 /* Debug */,
				1D0AF1811C9D9CE50024EF68 /* Release */,
			);
			defaultConfigurationIsVisible = 0;
		};
/* End XCConfigurationList section */
	};
	rootObject = 1D0AF1651C9D9CE50024EF68 /* Project object */;
}
